// !$*UTF8*$!
{
	archiveVersion = 1;
	classes = {
	};
	objectVersion = 52;
	objects = {

/* Begin PBXBuildFile section */
		82AA48282723AD920070697D /* LanScanner in Frameworks */ = {isa = PBXBuildFile; productRef = 82AA48272723AD920070697D /* LanScanner */; };
		82EC1C4C2723B1F000C8BACC /* LanScanner in Frameworks */ = {isa = PBXBuildFile; productRef = 82EC1C4B2723B1F000C8BACC /* LanScanner */; };
		A3407C2420F1870C000374E7 /* AppDelegate.swift in Sources */ = {isa = PBXBuildFile; fileRef = A3407C2320F1870C000374E7 /* AppDelegate.swift */; };
		A3407C2620F1870C000374E7 /* ViewController.swift in Sources */ = {isa = PBXBuildFile; fileRef = A3407C2520F1870C000374E7 /* ViewController.swift */; };
		A3407C2920F1870C000374E7 /* Main.storyboard in Resources */ = {isa = PBXBuildFile; fileRef = A3407C2720F1870C000374E7 /* Main.storyboard */; };
		A3407C2B20F1870D000374E7 /* Assets.xcassets in Resources */ = {isa = PBXBuildFile; fileRef = A3407C2A20F1870D000374E7 /* Assets.xcassets */; };
		A3407C2E20F1870D000374E7 /* LaunchScreen.storyboard in Resources */ = {isa = PBXBuildFile; fileRef = A3407C2C20F1870D000374E7 /* LaunchScreen.storyboard */; };
		A3407C3920F1870D000374E7 /* LAN_ScannerUITests.swift in Sources */ = {isa = PBXBuildFile; fileRef = A3407C3820F1870D000374E7 /* LAN_ScannerUITests.swift */; };
		A3407C5120F19516000374E7 /* Cell.swift in Sources */ = {isa = PBXBuildFile; fileRef = A3407C5020F19516000374E7 /* Cell.swift */; };
/* End PBXBuildFile section */

/* Begin PBXContainerItemProxy section */
		A3407C3520F1870D000374E7 /* PBXContainerItemProxy */ = {
			isa = PBXContainerItemProxy;
			containerPortal = A3407C1820F1870C000374E7 /* Project object */;
			proxyType = 1;
			remoteGlobalIDString = A3407C1F20F1870C000374E7;
			remoteInfo = LAN_Scanner;
		};
/* End PBXContainerItemProxy section */

/* Begin PBXFileReference section */
		82AA48212723A73E0070697D /* lan-scan */ = {isa = PBXFileReference; lastKnownFileType = folder; name = "lan-scan"; path = ..; sourceTree = "<group>"; };
		82AA48262723ABF80070697D /* lan-scan */ = {isa = PBXFileReference; lastKnownFileType = folder; name = "lan-scan"; path = ..; sourceTree = "<group>"; };
		A3407C2020F1870C000374E7 /* LAN_Scanner.app */ = {isa = PBXFileReference; explicitFileType = wrapper.application; includeInIndex = 0; path = LAN_Scanner.app; sourceTree = BUILT_PRODUCTS_DIR; };
		A3407C2320F1870C000374E7 /* AppDelegate.swift */ = {isa = PBXFileReference; lastKnownFileType = sourcecode.swift; path = AppDelegate.swift; sourceTree = "<group>"; };
		A3407C2520F1870C000374E7 /* ViewController.swift */ = {isa = PBXFileReference; lastKnownFileType = sourcecode.swift; path = ViewController.swift; sourceTree = "<group>"; };
		A3407C2820F1870C000374E7 /* Base */ = {isa = PBXFileReference; lastKnownFileType = file.storyboard; name = Base; path = Base.lproj/Main.storyboard; sourceTree = "<group>"; };
		A3407C2A20F1870D000374E7 /* Assets.xcassets */ = {isa = PBXFileReference; lastKnownFileType = folder.assetcatalog; path = Assets.xcassets; sourceTree = "<group>"; };
		A3407C2D20F1870D000374E7 /* Base */ = {isa = PBXFileReference; lastKnownFileType = file.storyboard; name = Base; path = Base.lproj/LaunchScreen.storyboard; sourceTree = "<group>"; };
		A3407C2F20F1870D000374E7 /* Info.plist */ = {isa = PBXFileReference; lastKnownFileType = text.plist.xml; path = Info.plist; sourceTree = "<group>"; };
		A3407C3420F1870D000374E7 /* LAN_ScannerUITests.xctest */ = {isa = PBXFileReference; explicitFileType = wrapper.cfbundle; includeInIndex = 0; path = LAN_ScannerUITests.xctest; sourceTree = BUILT_PRODUCTS_DIR; };
		A3407C3820F1870D000374E7 /* LAN_ScannerUITests.swift */ = {isa = PBXFileReference; lastKnownFileType = sourcecode.swift; path = LAN_ScannerUITests.swift; sourceTree = "<group>"; };
		A3407C3A20F1870D000374E7 /* Info.plist */ = {isa = PBXFileReference; lastKnownFileType = text.plist.xml; path = Info.plist; sourceTree = "<group>"; };
		A3407C5020F19516000374E7 /* Cell.swift */ = {isa = PBXFileReference; lastKnownFileType = sourcecode.swift; path = Cell.swift; sourceTree = "<group>"; };
/* End PBXFileReference section */

/* Begin PBXFrameworksBuildPhase section */
		A3407C1D20F1870C000374E7 /* Frameworks */ = {
			isa = PBXFrameworksBuildPhase;
			buildActionMask = 2147483647;
			files = (
				82AA48282723AD920070697D /* LanScanner in Frameworks */,
				82EC1C4C2723B1F000C8BACC /* LanScanner in Frameworks */,
			);
			runOnlyForDeploymentPostprocessing = 0;
		};
		A3407C3120F1870D000374E7 /* Frameworks */ = {
			isa = PBXFrameworksBuildPhase;
			buildActionMask = 2147483647;
			files = (
			);
			runOnlyForDeploymentPostprocessing = 0;
		};
/* End PBXFrameworksBuildPhase section */

/* Begin PBXGroup section */
		82AA48222723ABC70070697D /* Frameworks */ = {
			isa = PBXGroup;
			children = (
			);
			name = Frameworks;
			sourceTree = "<group>";
		};
		82AA48252723ABF80070697D /* Packages */ = {
			isa = PBXGroup;
			children = (
				82AA48262723ABF80070697D /* lan-scan */,
			);
			name = Packages;
			sourceTree = "<group>";
		};
		A3407C1720F1870C000374E7 = {
			isa = PBXGroup;
			children = (
				82AA48252723ABF80070697D /* Packages */,
				82AA48212723A73E0070697D /* lan-scan */,
				A3407C2220F1870C000374E7 /* LAN_Scanner */,
				A3407C3720F1870D000374E7 /* LAN_ScannerUITests */,
				A3407C2120F1870C000374E7 /* Products */,
				82AA48222723ABC70070697D /* Frameworks */,
			);
			sourceTree = "<group>";
		};
		A3407C2120F1870C000374E7 /* Products */ = {
			isa = PBXGroup;
			children = (
				A3407C2020F1870C000374E7 /* LAN_Scanner.app */,
				A3407C3420F1870D000374E7 /* LAN_ScannerUITests.xctest */,
			);
			name = Products;
			sourceTree = "<group>";
		};
		A3407C2220F1870C000374E7 /* LAN_Scanner */ = {
			isa = PBXGroup;
			children = (
				A3407C5320F19583000374E7 /* Resources */,
				A3407C2320F1870C000374E7 /* AppDelegate.swift */,
				A3407C2520F1870C000374E7 /* ViewController.swift */,
				A3407C5020F19516000374E7 /* Cell.swift */,
				A3407C2F20F1870D000374E7 /* Info.plist */,
			);
			path = LAN_Scanner;
			sourceTree = "<group>";
		};
		A3407C3720F1870D000374E7 /* LAN_ScannerUITests */ = {
			isa = PBXGroup;
			children = (
				A3407C3820F1870D000374E7 /* LAN_ScannerUITests.swift */,
				A3407C3A20F1870D000374E7 /* Info.plist */,
			);
			path = LAN_ScannerUITests;
			sourceTree = "<group>";
		};
		A3407C5320F19583000374E7 /* Resources */ = {
			isa = PBXGroup;
			children = (
				A3407C2720F1870C000374E7 /* Main.storyboard */,
				A3407C2A20F1870D000374E7 /* Assets.xcassets */,
				A3407C2C20F1870D000374E7 /* LaunchScreen.storyboard */,
			);
			path = Resources;
			sourceTree = "<group>";
		};
/* End PBXGroup section */

/* Begin PBXNativeTarget section */
		A3407C1F20F1870C000374E7 /* LAN_Scanner */ = {
			isa = PBXNativeTarget;
			buildConfigurationList = A3407C3D20F1870D000374E7 /* Build configuration list for PBXNativeTarget "LAN_Scanner" */;
			buildPhases = (
				A3407C1C20F1870C000374E7 /* Sources */,
				A3407C1D20F1870C000374E7 /* Frameworks */,
				A3407C1E20F1870C000374E7 /* Resources */,
			);
			buildRules = (
			);
			dependencies = (
			);
			name = LAN_Scanner;
			packageProductDependencies = (
				82AA48272723AD920070697D /* LanScanner */,
				82EC1C4B2723B1F000C8BACC /* LanScanner */,
			);
			productName = LAN_Scanner;
			productReference = A3407C2020F1870C000374E7 /* LAN_Scanner.app */;
			productType = "com.apple.product-type.application";
		};
		A3407C3320F1870D000374E7 /* LAN_ScannerUITests */ = {
			isa = PBXNativeTarget;
			buildConfigurationList = A3407C4020F1870D000374E7 /* Build configuration list for PBXNativeTarget "LAN_ScannerUITests" */;
			buildPhases = (
				A3407C3020F1870D000374E7 /* Sources */,
				A3407C3120F1870D000374E7 /* Frameworks */,
				A3407C3220F1870D000374E7 /* Resources */,
			);
			buildRules = (
			);
			dependencies = (
				A3407C3620F1870D000374E7 /* PBXTargetDependency */,
			);
			name = LAN_ScannerUITests;
			productName = LAN_ScannerUITests;
			productReference = A3407C3420F1870D000374E7 /* LAN_ScannerUITests.xctest */;
			productType = "com.apple.product-type.bundle.ui-testing";
		};
/* End PBXNativeTarget section */

/* Begin PBXProject section */
		A3407C1820F1870C000374E7 /* Project object */ = {
			isa = PBXProject;
			attributes = {
				LastSwiftUpdateCheck = 0940;
				LastUpgradeCheck = 0940;
				ORGANIZATIONNAME = "c&c";
				TargetAttributes = {
					A3407C1F20F1870C000374E7 = {
						CreatedOnToolsVersion = 9.4.1;
						LastSwiftMigration = 1300;
					};
					A3407C3320F1870D000374E7 = {
						CreatedOnToolsVersion = 9.4.1;
						LastSwiftMigration = 1300;
						TestTargetID = A3407C1F20F1870C000374E7;
					};
				};
			};
			buildConfigurationList = A3407C1B20F1870C000374E7 /* Build configuration list for PBXProject "LAN_Scanner" */;
			compatibilityVersion = "Xcode 9.3";
			developmentRegion = en;
			hasScannedForEncodings = 0;
			knownRegions = (
				en,
				Base,
			);
			mainGroup = A3407C1720F1870C000374E7;
			packageReferences = (
				82EC1C4A2723B1F000C8BACC /* XCRemoteSwiftPackageReference "lan-scan" */,
			);
			productRefGroup = A3407C2120F1870C000374E7 /* Products */;
			projectDirPath = "";
			projectRoot = "";
			targets = (
				A3407C1F20F1870C000374E7 /* LAN_Scanner */,
				A3407C3320F1870D000374E7 /* LAN_ScannerUITests */,
			);
		};
/* End PBXProject section */

/* Begin PBXResourcesBuildPhase section */
		A3407C1E20F1870C000374E7 /* Resources */ = {
			isa = PBXResourcesBuildPhase;
			buildActionMask = 2147483647;
			files = (
				A3407C2E20F1870D000374E7 /* LaunchScreen.storyboard in Resources */,
				A3407C2B20F1870D000374E7 /* Assets.xcassets in Resources */,
				A3407C2920F1870C000374E7 /* Main.storyboard in Resources */,
			);
			runOnlyForDeploymentPostprocessing = 0;
		};
		A3407C3220F1870D000374E7 /* Resources */ = {
			isa = PBXResourcesBuildPhase;
			buildActionMask = 2147483647;
			files = (
			);
			runOnlyForDeploymentPostprocessing = 0;
		};
/* End PBXResourcesBuildPhase section */

/* Begin PBXSourcesBuildPhase section */
		A3407C1C20F1870C000374E7 /* Sources */ = {
			isa = PBXSourcesBuildPhase;
			buildActionMask = 2147483647;
			files = (
				A3407C2620F1870C000374E7 /* ViewController.swift in Sources */,
				A3407C2420F1870C000374E7 /* AppDelegate.swift in Sources */,
				A3407C5120F19516000374E7 /* Cell.swift in Sources */,
			);
			runOnlyForDeploymentPostprocessing = 0;
		};
		A3407C3020F1870D000374E7 /* Sources */ = {
			isa = PBXSourcesBuildPhase;
			buildActionMask = 2147483647;
			files = (
				A3407C3920F1870D000374E7 /* LAN_ScannerUITests.swift in Sources */,
			);
			runOnlyForDeploymentPostprocessing = 0;
		};
/* End PBXSourcesBuildPhase section */

/* Begin PBXTargetDependency section */
		A3407C3620F1870D000374E7 /* PBXTargetDependency */ = {
			isa = PBXTargetDependency;
			target = A3407C1F20F1870C000374E7 /* LAN_Scanner */;
			targetProxy = A3407C3520F1870D000374E7 /* PBXContainerItemProxy */;
		};
/* End PBXTargetDependency section */

/* Begin PBXVariantGroup section */
		A3407C2720F1870C000374E7 /* Main.storyboard */ = {
			isa = PBXVariantGroup;
			children = (
				A3407C2820F1870C000374E7 /* Base */,
			);
			name = Main.storyboard;
			sourceTree = "<group>";
		};
		A3407C2C20F1870D000374E7 /* LaunchScreen.storyboard */ = {
			isa = PBXVariantGroup;
			children = (
				A3407C2D20F1870D000374E7 /* Base */,
			);
			name = LaunchScreen.storyboard;
			sourceTree = "<group>";
		};
/* End PBXVariantGroup section */

/* Begin XCBuildConfiguration section */
		A3407C3B20F1870D000374E7 /* Debug */ = {
			isa = XCBuildConfiguration;
			buildSettings = {
				ALWAYS_SEARCH_USER_PATHS = NO;
				CLANG_ANALYZER_NONNULL = YES;
				CLANG_ANALYZER_NUMBER_OBJECT_CONVERSION = YES_AGGRESSIVE;
				CLANG_CXX_LANGUAGE_STANDARD = "gnu++14";
				CLANG_CXX_LIBRARY = "libc++";
				CLANG_ENABLE_MODULES = YES;
				CLANG_ENABLE_OBJC_ARC = YES;
				CLANG_ENABLE_OBJC_WEAK = YES;
				CLANG_WARN_BLOCK_CAPTURE_AUTORELEASING = YES;
				CLANG_WARN_BOOL_CONVERSION = YES;
				CLANG_WARN_COMMA = YES;
				CLANG_WARN_CONSTANT_CONVERSION = YES;
				CLANG_WARN_DEPRECATED_OBJC_IMPLEMENTATIONS = YES;
				CLANG_WARN_DIRECT_OBJC_ISA_USAGE = YES_ERROR;
				CLANG_WARN_DOCUMENTATION_COMMENTS = YES;
				CLANG_WARN_EMPTY_BODY = YES;
				CLANG_WARN_ENUM_CONVERSION = YES;
				CLANG_WARN_INFINITE_RECURSION = YES;
				CLANG_WARN_INT_CONVERSION = YES;
				CLANG_WARN_NON_LITERAL_NULL_CONVERSION = YES;
				CLANG_WARN_OBJC_IMPLICIT_RETAIN_SELF = YES;
				CLANG_WARN_OBJC_LITERAL_CONVERSION = YES;
				CLANG_WARN_OBJC_ROOT_CLASS = YES_ERROR;
				CLANG_WARN_RANGE_LOOP_ANALYSIS = YES;
				CLANG_WARN_STRICT_PROTOTYPES = YES;
				CLANG_WARN_SUSPICIOUS_MOVE = YES;
				CLANG_WARN_UNGUARDED_AVAILABILITY = YES_AGGRESSIVE;
				CLANG_WARN_UNREACHABLE_CODE = YES;
				CLANG_WARN__DUPLICATE_METHOD_MATCH = YES;
				CODE_SIGN_IDENTITY = "iPhone Developer";
				COPY_PHASE_STRIP = NO;
				DEBUG_INFORMATION_FORMAT = dwarf;
				ENABLE_STRICT_OBJC_MSGSEND = YES;
				ENABLE_TESTABILITY = YES;
				GCC_C_LANGUAGE_STANDARD = gnu11;
				GCC_DYNAMIC_NO_PIC = NO;
				GCC_NO_COMMON_BLOCKS = YES;
				GCC_OPTIMIZATION_LEVEL = 0;
				GCC_PREPROCESSOR_DEFINITIONS = (
					"DEBUG=1",
					"$(inherited)",
				);
				GCC_WARN_64_TO_32_BIT_CONVERSION = YES;
				GCC_WARN_ABOUT_RETURN_TYPE = YES_ERROR;
				GCC_WARN_UNDECLARED_SELECTOR = YES;
				GCC_WARN_UNINITIALIZED_AUTOS = YES_AGGRESSIVE;
				GCC_WARN_UNUSED_FUNCTION = YES;
				GCC_WARN_UNUSED_VARIABLE = YES;
				IPHONEOS_DEPLOYMENT_TARGET = 11.4;
				MTL_ENABLE_DEBUG_INFO = YES;
				ONLY_ACTIVE_ARCH = YES;
				SDKROOT = iphoneos;
				SWIFT_ACTIVE_COMPILATION_CONDITIONS = DEBUG;
				SWIFT_OPTIMIZATION_LEVEL = "-Onone";
			};
			name = Debug;
		};
		A3407C3C20F1870D000374E7 /* Release */ = {
			isa = XCBuildConfiguration;
			buildSettings = {
				ALWAYS_SEARCH_USER_PATHS = NO;
				CLANG_ANALYZER_NONNULL = YES;
				CLANG_ANALYZER_NUMBER_OBJECT_CONVERSION = YES_AGGRESSIVE;
				CLANG_CXX_LANGUAGE_STANDARD = "gnu++14";
				CLANG_CXX_LIBRARY = "libc++";
				CLANG_ENABLE_MODULES = YES;
				CLANG_ENABLE_OBJC_ARC = YES;
				CLANG_ENABLE_OBJC_WEAK = YES;
				CLANG_WARN_BLOCK_CAPTURE_AUTORELEASING = YES;
				CLANG_WARN_BOOL_CONVERSION = YES;
				CLANG_WARN_COMMA = YES;
				CLANG_WARN_CONSTANT_CONVERSION = YES;
				CLANG_WARN_DEPRECATED_OBJC_IMPLEMENTATIONS = YES;
				CLANG_WARN_DIRECT_OBJC_ISA_USAGE = YES_ERROR;
				CLANG_WARN_DOCUMENTATION_COMMENTS = YES;
				CLANG_WARN_EMPTY_BODY = YES;
				CLANG_WARN_ENUM_CONVERSION = YES;
				CLANG_WARN_INFINITE_RECURSION = YES;
				CLANG_WARN_INT_CONVERSION = YES;
				CLANG_WARN_NON_LITERAL_NULL_CONVERSION = YES;
				CLANG_WARN_OBJC_IMPLICIT_RETAIN_SELF = YES;
				CLANG_WARN_OBJC_LITERAL_CONVERSION = YES;
				CLANG_WARN_OBJC_ROOT_CLASS = YES_ERROR;
				CLANG_WARN_RANGE_LOOP_ANALYSIS = YES;
				CLANG_WARN_STRICT_PROTOTYPES = YES;
				CLANG_WARN_SUSPICIOUS_MOVE = YES;
				CLANG_WARN_UNGUARDED_AVAILABILITY = YES_AGGRESSIVE;
				CLANG_WARN_UNREACHABLE_CODE = YES;
				CLANG_WARN__DUPLICATE_METHOD_MATCH = YES;
				CODE_SIGN_IDENTITY = "iPhone Developer";
				COPY_PHASE_STRIP = NO;
				DEBUG_INFORMATION_FORMAT = "dwarf-with-dsym";
				ENABLE_NS_ASSERTIONS = NO;
				ENABLE_STRICT_OBJC_MSGSEND = YES;
				GCC_C_LANGUAGE_STANDARD = gnu11;
				GCC_NO_COMMON_BLOCKS = YES;
				GCC_WARN_64_TO_32_BIT_CONVERSION = YES;
				GCC_WARN_ABOUT_RETURN_TYPE = YES_ERROR;
				GCC_WARN_UNDECLARED_SELECTOR = YES;
				GCC_WARN_UNINITIALIZED_AUTOS = YES_AGGRESSIVE;
				GCC_WARN_UNUSED_FUNCTION = YES;
				GCC_WARN_UNUSED_VARIABLE = YES;
				IPHONEOS_DEPLOYMENT_TARGET = 11.4;
				MTL_ENABLE_DEBUG_INFO = NO;
				SDKROOT = iphoneos;
				SWIFT_COMPILATION_MODE = wholemodule;
				SWIFT_OPTIMIZATION_LEVEL = "-O";
				VALIDATE_PRODUCT = YES;
			};
			name = Release;
		};
		A3407C3E20F1870D000374E7 /* Debug */ = {
			isa = XCBuildConfiguration;
			buildSettings = {
				ASSETCATALOG_COMPILER_APPICON_NAME = AppIcon;
				CLANG_ENABLE_MODULES = YES;
				CODE_SIGN_STYLE = Automatic;
				DEVELOPMENT_TEAM = UK6285255R;
				INFOPLIST_FILE = LAN_Scanner/Info.plist;
				LD_RUNPATH_SEARCH_PATHS = (
					"$(inherited)",
					"@executable_path/Frameworks",
				);
				PRODUCT_BUNDLE_IDENTIFIER = maatheusgois.lan.scanner;
				PRODUCT_NAME = "$(TARGET_NAME)";
				SWIFT_OPTIMIZATION_LEVEL = "-Onone";
				SWIFT_VERSION = 5.0;
				TARGETED_DEVICE_FAMILY = "1,2";
			};
			name = Debug;
		};
		A3407C3F20F1870D000374E7 /* Release */ = {
			isa = XCBuildConfiguration;
			buildSettings = {
				ASSETCATALOG_COMPILER_APPICON_NAME = AppIcon;
				CLANG_ENABLE_MODULES = YES;
				CODE_SIGN_STYLE = Automatic;
				DEVELOPMENT_TEAM = UK6285255R;
				INFOPLIST_FILE = LAN_Scanner/Info.plist;
				LD_RUNPATH_SEARCH_PATHS = (
					"$(inherited)",
					"@executable_path/Frameworks",
				);
				PRODUCT_BUNDLE_IDENTIFIER = maatheusgois.lan.scanner;
				PRODUCT_NAME = "$(TARGET_NAME)";
				SWIFT_VERSION = 5.0;
				TARGETED_DEVICE_FAMILY = "1,2";
			};
			name = Release;
		};
		A3407C4120F1870D000374E7 /* Debug */ = {
			isa = XCBuildConfiguration;
			buildSettings = {
				ALWAYS_EMBED_SWIFT_STANDARD_LIBRARIES = YES;
				CODE_SIGN_STYLE = Automatic;
				DEVELOPMENT_TEAM = UK6285255R;
				INFOPLIST_FILE = LAN_ScannerUITests/Info.plist;
				LD_RUNPATH_SEARCH_PATHS = (
					"$(inherited)",
					"@executable_path/Frameworks",
					"@loader_path/Frameworks",
				);
				PRODUCT_BUNDLE_IDENTIFIER = "candc.com.LAN-ScannerUITests";
				PRODUCT_NAME = "$(TARGET_NAME)";
				SWIFT_VERSION = 5.0;
				TARGETED_DEVICE_FAMILY = "1,2";
				TEST_TARGET_NAME = LAN_Scanner;
			};
			name = Debug;
		};
		A3407C4220F1870D000374E7 /* Release */ = {
			isa = XCBuildConfiguration;
			buildSettings = {
				ALWAYS_EMBED_SWIFT_STANDARD_LIBRARIES = YES;
				CODE_SIGN_STYLE = Automatic;
				DEVELOPMENT_TEAM = UK6285255R;
				INFOPLIST_FILE = LAN_ScannerUITests/Info.plist;
				LD_RUNPATH_SEARCH_PATHS = (
					"$(inherited)",
					"@executable_path/Frameworks",
					"@loader_path/Frameworks",
				);
				PRODUCT_BUNDLE_IDENTIFIER = "candc.com.LAN-ScannerUITests";
				PRODUCT_NAME = "$(TARGET_NAME)";
				SWIFT_VERSION = 5.0;
				TARGETED_DEVICE_FAMILY = "1,2";
				TEST_TARGET_NAME = LAN_Scanner;
			};
			name = Release;
		};
/* End XCBuildConfiguration section */

/* Begin XCConfigurationList section */
		A3407C1B20F1870C000374E7 /* Build configuration list for PBXProject "LAN_Scanner" */ = {
			isa = XCConfigurationList;
			buildConfigurations = (
				A3407C3B20F1870D000374E7 /* Debug */,
				A3407C3C20F1870D000374E7 /* Release */,
			);
			defaultConfigurationIsVisible = 0;
			defaultConfigurationName = Release;
		};
		A3407C3D20F1870D000374E7 /* Build configuration list for PBXNativeTarget "LAN_Scanner" */ = {
			isa = XCConfigurationList;
			buildConfigurations = (
				A3407C3E20F1870D000374E7 /* Debug */,
				A3407C3F20F1870D000374E7 /* Release */,
			);
			defaultConfigurationIsVisible = 0;
			defaultConfigurationName = Release;
		};
		A3407C4020F1870D000374E7 /* Build configuration list for PBXNativeTarget "LAN_ScannerUITests" */ = {
			isa = XCConfigurationList;
			buildConfigurations = (
				A3407C4120F1870D000374E7 /* Debug */,
				A3407C4220F1870D000374E7 /* Release */,
			);
			defaultConfigurationIsVisible = 0;
			defaultConfigurationName = Release;
		};
/* End XCConfigurationList section */

/* Begin XCRemoteSwiftPackageReference section */
		82EC1C4A2723B1F000C8BACC /* XCRemoteSwiftPackageReference "lan-scan" */ = {
			isa = XCRemoteSwiftPackageReference;
			repositoryURL = "https://github.com/MaatheusGois/lan-scan";
			requirement = {
				branch = main;
				kind = branch;
			};
		};
/* End XCRemoteSwiftPackageReference section */

/* Begin XCSwiftPackageProductDependency section */
		82AA48272723AD920070697D /* LanScanner */ = {
			isa = XCSwiftPackageProductDependency;
			productName = LanScanner;
		};
		82EC1C4B2723B1F000C8BACC /* LanScanner */ = {
			isa = XCSwiftPackageProductDependency;
			package = 82EC1C4A2723B1F000C8BACC /* XCRemoteSwiftPackageReference "lan-scan" */;
			productName = LanScanner;
		};
/* End XCSwiftPackageProductDependency section */
	};
	rootObject = A3407C1820F1870C000374E7 /* Project object */;
}
