{
  "object": {
    "pins": [
      {
        "package": "LanScanner",
        "repositoryURL": "https://github.com/MaatheusGois/lan-scanner",
        "state": {
          "branch": "main",
          "revision": "e8ef29415477298ae5d3ece934f740b9696e599f",
          "version": null
        }
      }
    ]
  },
  "version": 1
}
