{
  "object": {
    "pins": [
      {
        "package": "LanScanner",
        "repositoryURL": "https://github.com/MaatheusGois/lan-scan",
        "state": {
          "branch": "main",
          "revision": "f47e7821eef0127e7627e939fb5a2c6b0075cab4",
          "version": null
        }
      }
    ]
  },
  "version": 1
}
